
Microsoft Visual Studio Solution File, Format Version 12.00
# Visual Studio Version 17
VisualStudioVersion = 17.9.34728.123
MinimumVisualStudioVersion = 10.0.40219.1
Project("{2150E333-8FDC-42A3-9474-1A3956D46DE8}") = "src", "src", "{E28D7AF0-ED1F-48E0-B534-5876AFD18C2C}"
EndProject
Project("{2150E333-8FDC-42A3-9474-1A3956D46DE8}") = "tests", "tests", "{0B4E9B84-4878-4FCC-89A0-34438EC2AE03}"
EndProject
Project("{9A19103F-16F7-4668-BE54-9A1E7A4F7556}") = "NetCore.Ambev.Tests", "tests\NetCore.Ambev.Tests\NetCore.Ambev.Tests.csproj", "{8DCC0423-CD3F-460F-A6DB-B9AC1B44C85E}"
EndProject
Project("{9A19103F-16F7-4668-BE54-9A1E7A4F7556}") = "NetCore.Ambev.Application", "src\NetCore.Ambev.Application\NetCore.Ambev.Application.csproj", "{F796184F-89EB-4F1F-8DD8-0B267C3332F2}"
EndProject
Project("{FAE04EC0-301F-11D3-BF4B-00C04F79EFBC}") = "NetCore.Ambev.Abstractions", "src\NetCore.Ambev.Abstractions\NetCore.Ambev.Abstractions.csproj", "{ED18EB35-5E60-435E-9B04-9A98F5B7A1A2}"
EndProject
Project("{FAE04EC0-301F-11D3-BF4B-00C04F79EFBC}") = "NetCore.Ambev.CrossCutting", "src\NetCore.Ambev.CrossCutting\NetCore.Ambev.CrossCutting.csproj", "{C3CA7FEB-AA13-4A55-8526-18F3165B2086}"
EndProject
Project("{FAE04EC0-301F-11D3-BF4B-00C04F79EFBC}") = "NetCore.Ambev.Api", "src\NetCore.Ambev.Api\NetCore.Ambev.Api.csproj", "{BABA5C78-4A79-43D8-AAAF-5A06EA53E8F0}"
EndProject
Project("{2150E333-8FDC-42A3-9474-1A3956D46DE8}") = "web", "web", "{842D7ED5-E433-49EE-853B-C2CB9245893C}"
EndProject
Project("{FAE04EC0-301F-11D3-BF4B-00C04F79EFBC}") = "NetCore.Ambev.Infra", "src\NetCore.Ambev.Infra\NetCore.Ambev.Infra.csproj", "{0DFB8994-14D1-415D-A95A-7597E4FAE5B3}"
EndProject
Global
	GlobalSection(SolutionConfigurationPlatforms) = preSolution
		Debug|Any CPU = Debug|Any CPU
		Release|Any CPU = Release|Any CPU
	EndGlobalSection
	GlobalSection(ProjectConfigurationPlatforms) = postSolution
		{8DCC0423-CD3F-460F-A6DB-B9AC1B44C85E}.Debug|Any CPU.ActiveCfg = Debug|Any CPU
		{8DCC0423-CD3F-460F-A6DB-B9AC1B44C85E}.Debug|Any CPU.Build.0 = Debug|Any CPU
		{8DCC0423-CD3F-460F-A6DB-B9AC1B44C85E}.Release|Any CPU.ActiveCfg = Release|Any CPU
		{8DCC0423-CD3F-460F-A6DB-B9AC1B44C85E}.Release|Any CPU.Build.0 = Release|Any CPU
		{F796184F-89EB-4F1F-8DD8-0B267C3332F2}.Debug|Any CPU.ActiveCfg = Debug|Any CPU
		{F796184F-89EB-4F1F-8DD8-0B267C3332F2}.Debug|Any CPU.Build.0 = Debug|Any CPU
		{F796184F-89EB-4F1F-8DD8-0B267C3332F2}.Release|Any CPU.ActiveCfg = Release|Any CPU
		{F796184F-89EB-4F1F-8DD8-0B267C3332F2}.Release|Any CPU.Build.0 = Release|Any CPU
		{ED18EB35-5E60-435E-9B04-9A98F5B7A1A2}.Debug|Any CPU.ActiveCfg = Debug|Any CPU
		{ED18EB35-5E60-435E-9B04-9A98F5B7A1A2}.Debug|Any CPU.Build.0 = Debug|Any CPU
		{ED18EB35-5E60-435E-9B04-9A98F5B7A1A2}.Release|Any CPU.ActiveCfg = Release|Any CPU
		{ED18EB35-5E60-435E-9B04-9A98F5B7A1A2}.Release|Any CPU.Build.0 = Release|Any CPU
		{C3CA7FEB-AA13-4A55-8526-18F3165B2086}.Debug|Any CPU.ActiveCfg = Debug|Any CPU
		{C3CA7FEB-AA13-4A55-8526-18F3165B2086}.Debug|Any CPU.Build.0 = Debug|Any CPU
		{C3CA7FEB-AA13-4A55-8526-18F3165B2086}.Release|Any CPU.ActiveCfg = Release|Any CPU
		{C3CA7FEB-AA13-4A55-8526-18F3165B2086}.Release|Any CPU.Build.0 = Release|Any CPU
		{BABA5C78-4A79-43D8-AAAF-5A06EA53E8F0}.Debug|Any CPU.ActiveCfg = Debug|Any CPU
		{BABA5C78-4A79-43D8-AAAF-5A06EA53E8F0}.Debug|Any CPU.Build.0 = Debug|Any CPU
		{BABA5C78-4A79-43D8-AAAF-5A06EA53E8F0}.Release|Any CPU.ActiveCfg = Release|Any CPU
		{BABA5C78-4A79-43D8-AAAF-5A06EA53E8F0}.Release|Any CPU.Build.0 = Release|Any CPU
		{0DFB8994-14D1-415D-A95A-7597E4FAE5B3}.Debug|Any CPU.ActiveCfg = Debug|Any CPU
		{0DFB8994-14D1-415D-A95A-7597E4FAE5B3}.Debug|Any CPU.Build.0 = Debug|Any CPU
		{0DFB8994-14D1-415D-A95A-7597E4FAE5B3}.Release|Any CPU.ActiveCfg = Release|Any CPU
		{0DFB8994-14D1-415D-A95A-7597E4FAE5B3}.Release|Any CPU.Build.0 = Release|Any CPU
	EndGlobalSection
	GlobalSection(SolutionProperties) = preSolution
		HideSolutionNode = FALSE
	EndGlobalSection
	GlobalSection(NestedProjects) = preSolution
		{8DCC0423-CD3F-460F-A6DB-B9AC1B44C85E} = {0B4E9B84-4878-4FCC-89A0-34438EC2AE03}
		{F796184F-89EB-4F1F-8DD8-0B267C3332F2} = {E28D7AF0-ED1F-48E0-B534-5876AFD18C2C}
		{ED18EB35-5E60-435E-9B04-9A98F5B7A1A2} = {E28D7AF0-ED1F-48E0-B534-5876AFD18C2C}
		{C3CA7FEB-AA13-4A55-8526-18F3165B2086} = {E28D7AF0-ED1F-48E0-B534-5876AFD18C2C}
		{BABA5C78-4A79-43D8-AAAF-5A06EA53E8F0} = {842D7ED5-E433-49EE-853B-C2CB9245893C}
		{842D7ED5-E433-49EE-853B-C2CB9245893C} = {E28D7AF0-ED1F-48E0-B534-5876AFD18C2C}
		{0DFB8994-14D1-415D-A95A-7597E4FAE5B3} = {E28D7AF0-ED1F-48E0-B534-5876AFD18C2C}
	EndGlobalSection
	GlobalSection(ExtensibilityGlobals) = postSolution
		SolutionGuid = {5EEF92EB-B54F-495D-879E-8B4C91C5D4D5}
	EndGlobalSection
EndGlobal
